
Microsoft Visual Studio Solution File, Format Version 12.00
# Visual Studio Version 16
VisualStudioVersion = 16.0.30011.22
MinimumVisualStudioVersion = 10.0.40219.1
Project("{2150E333-8FDC-42A3-9474-1A3956D46DE8}") = "00 - Build", "00 - Build", "{BF8B0D75-A2E1-4A91-8581-6C218FE73FC0}"
	ProjectSection(SolutionItems) = preProject
		build.cake = build.cake
	EndProjectSection
EndProject
Project("{9A19103F-16F7-4668-BE54-9A1E7A4F7556}") = "Postgres", "Postgres\Postgres.csproj", "{C2905A16-3FDE-4378-B242-0DEDCD2A0BB6}"
EndProject
Project("{9A19103F-16F7-4668-BE54-9A1E7A4F7556}") = "Postgres.UnitTest", "Postgres.UnitTest\Postgres.UnitTest.csproj", "{5B5D6161-ABD3-46D9-A7CC-F4A41A62445C}"
EndProject
Global
	GlobalSection(SolutionConfigurationPlatforms) = preSolution
		Debug|Any CPU = Debug|Any CPU
		Release|Any CPU = Release|Any CPU
	EndGlobalSection
	GlobalSection(ProjectConfigurationPlatforms) = postSolution
		{C2905A16-3FDE-4378-B242-0DEDCD2A0BB6}.Debug|Any CPU.ActiveCfg = Debug|Any CPU
		{C2905A16-3FDE-4378-B242-0DEDCD2A0BB6}.Debug|Any CPU.Build.0 = Debug|Any CPU
		{C2905A16-3FDE-4378-B242-0DEDCD2A0BB6}.Release|Any CPU.ActiveCfg = Release|Any CPU
		{C2905A16-3FDE-4378-B242-0DEDCD2A0BB6}.Release|Any CPU.Build.0 = Release|Any CPU
		{5B5D6161-ABD3-46D9-A7CC-F4A41A62445C}.Debug|Any CPU.ActiveCfg = Debug|Any CPU
		{5B5D6161-ABD3-46D9-A7CC-F4A41A62445C}.Debug|Any CPU.Build.0 = Debug|Any CPU
		{5B5D6161-ABD3-46D9-A7CC-F4A41A62445C}.Release|Any CPU.ActiveCfg = Release|Any CPU
		{5B5D6161-ABD3-46D9-A7CC-F4A41A62445C}.Release|Any CPU.Build.0 = Release|Any CPU
	EndGlobalSection
	GlobalSection(SolutionProperties) = preSolution
		HideSolutionNode = FALSE
	EndGlobalSection
	GlobalSection(ExtensibilityGlobals) = postSolution
		SolutionGuid = {728FD3B3-6BAC-49FE-9D6B-B0AFEBE5C7B9}
	EndGlobalSection
EndGlobal
